
Microsoft Visual Studio Solution File, Format Version 11.00
# Visual Studio 2010
Project("{FAE04EC0-301F-11D3-BF4B-00C04F79EFBC}") = "WpfApplication1", "WpfApplication1\WpfApplication1.csproj", "{5EA8CD57-2F40-4FAB-848B-2F6E3A16363B}"
EndProject
Global
	GlobalSection(SolutionConfigurationPlatforms) = preSolution
		Debug|x86 = Debug|x86
		Release|x86 = Release|x86
	EndGlobalSection
	GlobalSection(ProjectConfigurationPlatforms) = postSolution
		{5EA8CD57-2F40-4FAB-848B-2F6E3A16363B}.Debug|x86.ActiveCfg = Debug|x86
		{5EA8CD57-2F40-4FAB-848B-2F6E3A16363B}.Debug|x86.Build.0 = Debug|x86
		{5EA8CD57-2F40-4FAB-848B-2F6E3A16363B}.Release|x86.ActiveCfg = Release|x86
		{5EA8CD57-2F40-4FAB-848B-2F6E3A16363B}.Release|x86.Build.0 = Release|x86
	EndGlobalSection
	GlobalSection(SolutionProperties) = preSolution
		HideSolutionNode = FALSE
	EndGlobalSection
EndGlobal
